{
  "name": "scormy-editor",
  "version": "1.0.0",
  "lockfileVersion": 1,
  "requires": true,
  "dependencies": {
    "@smarthtmlelements/smart-elements-community": {
      "version": "4.6.0",
      "resolved": "https://registry.npmjs.org/@smarthtmlelements/smart-elements-community/-/smart-elements-community-4.6.0.tgz",
      "integrity": "sha512-qvtqAdb4QLJk765CAeQsxZ6D0ORkOeFVT4ZuM1GfPYSbuSusTNjxYeUQTlObmnJ2FKMG7Mq4+TuHZPb/wEAimg=="
    }
  }
}
